
Microsoft Visual Studio Solution File, Format Version 12.00
# Visual Studio Version 17
VisualStudioVersion = 17.3.32922.545
MinimumVisualStudioVersion = 10.0.40219.1
Project("{FAE04EC0-301F-11D3-BF4B-00C04F79EFBC}") = "ejercicio2", "ejercicio2\ejercicio2.csproj", "{EE335FB0-3A2C-48FF-9991-28F3AAEB3009}"
EndProject
Global
	GlobalSection(SolutionConfigurationPlatforms) = preSolution
		Debug|Any CPU = Debug|Any CPU
		Release|Any CPU = Release|Any CPU
	EndGlobalSection
	GlobalSection(ProjectConfigurationPlatforms) = postSolution
		{EE335FB0-3A2C-48FF-9991-28F3AAEB3009}.Debug|Any CPU.ActiveCfg = Debug|Any CPU
		{EE335FB0-3A2C-48FF-9991-28F3AAEB3009}.Debug|Any CPU.Build.0 = Debug|Any CPU
		{EE335FB0-3A2C-48FF-9991-28F3AAEB3009}.Release|Any CPU.ActiveCfg = Release|Any CPU
		{EE335FB0-3A2C-48FF-9991-28F3AAEB3009}.Release|Any CPU.Build.0 = Release|Any CPU
	EndGlobalSection
	GlobalSection(SolutionProperties) = preSolution
		HideSolutionNode = FALSE
	EndGlobalSection
	GlobalSection(ExtensibilityGlobals) = postSolution
		SolutionGuid = {F2837D1C-35D5-4F83-889D-FBDBD1A29865}
	EndGlobalSection
EndGlobal
